
Microsoft Visual Studio Solution File, Format Version 12.00
# Visual Studio Version 17
VisualStudioVersion = 17.11.35222.181
MinimumVisualStudioVersion = 10.0.40219.1
Project("{FAE04EC0-301F-11D3-BF4B-00C04F79EFBC}") = "Øvelse3.3", "Øvelse3.3\Øvelse3.3.csproj", "{C9550805-E373-4929-BC66-B973DBF37F70}"
EndProject
Global
	GlobalSection(SolutionConfigurationPlatforms) = preSolution
		Debug|Any CPU = Debug|Any CPU
		Release|Any CPU = Release|Any CPU
	EndGlobalSection
	GlobalSection(ProjectConfigurationPlatforms) = postSolution
		{C9550805-E373-4929-BC66-B973DBF37F70}.Debug|Any CPU.ActiveCfg = Debug|Any CPU
		{C9550805-E373-4929-BC66-B973DBF37F70}.Debug|Any CPU.Build.0 = Debug|Any CPU
		{C9550805-E373-4929-BC66-B973DBF37F70}.Release|Any CPU.ActiveCfg = Release|Any CPU
		{C9550805-E373-4929-BC66-B973DBF37F70}.Release|Any CPU.Build.0 = Release|Any CPU
	EndGlobalSection
	GlobalSection(SolutionProperties) = preSolution
		HideSolutionNode = FALSE
	EndGlobalSection
	GlobalSection(ExtensibilityGlobals) = postSolution
		SolutionGuid = {B4C6DD4D-5CDA-426A-967B-EC7838938C02}
	EndGlobalSection
EndGlobal
