
Microsoft Visual Studio Solution File, Format Version 12.00
# Visual Studio Version 17
VisualStudioVersion = 17.11.35222.181
MinimumVisualStudioVersion = 10.0.40219.1
Project("{FAE04EC0-301F-11D3-BF4B-00C04F79EFBC}") = "Øvelse3.1", "Øvelse3.1\Øvelse3.1.csproj", "{7E781A99-341B-4B74-BBD8-B97AA7E2FFF7}"
EndProject
Global
	GlobalSection(SolutionConfigurationPlatforms) = preSolution
		Debug|Any CPU = Debug|Any CPU
		Release|Any CPU = Release|Any CPU
	EndGlobalSection
	GlobalSection(ProjectConfigurationPlatforms) = postSolution
		{7E781A99-341B-4B74-BBD8-B97AA7E2FFF7}.Debug|Any CPU.ActiveCfg = Debug|Any CPU
		{7E781A99-341B-4B74-BBD8-B97AA7E2FFF7}.Debug|Any CPU.Build.0 = Debug|Any CPU
		{7E781A99-341B-4B74-BBD8-B97AA7E2FFF7}.Release|Any CPU.ActiveCfg = Release|Any CPU
		{7E781A99-341B-4B74-BBD8-B97AA7E2FFF7}.Release|Any CPU.Build.0 = Release|Any CPU
	EndGlobalSection
	GlobalSection(SolutionProperties) = preSolution
		HideSolutionNode = FALSE
	EndGlobalSection
	GlobalSection(ExtensibilityGlobals) = postSolution
		SolutionGuid = {52C4E119-261F-4020-9BCD-22AF38A00E20}
	EndGlobalSection
EndGlobal
