
Microsoft Visual Studio Solution File, Format Version 12.00
# Visual Studio Version 17
VisualStudioVersion = 17.11.35222.181
MinimumVisualStudioVersion = 10.0.40219.1
Project("{FAE04EC0-301F-11D3-BF4B-00C04F79EFBC}") = "Øvelse3", "Øvelse3\Øvelse3.csproj", "{3EDB78B7-9F95-4201-A408-D621BE773912}"
EndProject
Global
	GlobalSection(SolutionConfigurationPlatforms) = preSolution
		Debug|Any CPU = Debug|Any CPU
		Release|Any CPU = Release|Any CPU
	EndGlobalSection
	GlobalSection(ProjectConfigurationPlatforms) = postSolution
		{3EDB78B7-9F95-4201-A408-D621BE773912}.Debug|Any CPU.ActiveCfg = Debug|Any CPU
		{3EDB78B7-9F95-4201-A408-D621BE773912}.Debug|Any CPU.Build.0 = Debug|Any CPU
		{3EDB78B7-9F95-4201-A408-D621BE773912}.Release|Any CPU.ActiveCfg = Release|Any CPU
		{3EDB78B7-9F95-4201-A408-D621BE773912}.Release|Any CPU.Build.0 = Release|Any CPU
	EndGlobalSection
	GlobalSection(SolutionProperties) = preSolution
		HideSolutionNode = FALSE
	EndGlobalSection
	GlobalSection(ExtensibilityGlobals) = postSolution
		SolutionGuid = {E02886ED-41E5-47E8-B115-F9A092FD42B7}
	EndGlobalSection
EndGlobal
