
Microsoft Visual Studio Solution File, Format Version 12.00
# Visual Studio Version 17
VisualStudioVersion = 17.11.35222.181
MinimumVisualStudioVersion = 10.0.40219.1
Project("{FAE04EC0-301F-11D3-BF4B-00C04F79EFBC}") = "Øvelse2.12", "Øvelse2.12\Øvelse2.12.csproj", "{BC12B7E8-2279-4953-951F-DFA2DACC36CE}"
EndProject
Global
	GlobalSection(SolutionConfigurationPlatforms) = preSolution
		Debug|Any CPU = Debug|Any CPU
		Release|Any CPU = Release|Any CPU
	EndGlobalSection
	GlobalSection(ProjectConfigurationPlatforms) = postSolution
		{BC12B7E8-2279-4953-951F-DFA2DACC36CE}.Debug|Any CPU.ActiveCfg = Debug|Any CPU
		{BC12B7E8-2279-4953-951F-DFA2DACC36CE}.Debug|Any CPU.Build.0 = Debug|Any CPU
		{BC12B7E8-2279-4953-951F-DFA2DACC36CE}.Release|Any CPU.ActiveCfg = Release|Any CPU
		{BC12B7E8-2279-4953-951F-DFA2DACC36CE}.Release|Any CPU.Build.0 = Release|Any CPU
	EndGlobalSection
	GlobalSection(SolutionProperties) = preSolution
		HideSolutionNode = FALSE
	EndGlobalSection
	GlobalSection(ExtensibilityGlobals) = postSolution
		SolutionGuid = {8DD3AFBD-7680-46B8-A8A6-8CDBEC7704A4}
	EndGlobalSection
EndGlobal
