
Microsoft Visual Studio Solution File, Format Version 12.00
# Visual Studio Version 17
VisualStudioVersion = 17.11.35222.181
MinimumVisualStudioVersion = 10.0.40219.1
Project("{FAE04EC0-301F-11D3-BF4B-00C04F79EFBC}") = "Øvelse2.11", "Øvelse2.11\Øvelse2.11.csproj", "{1A5BCAE5-5748-4981-A97E-9638D4CD136F}"
EndProject
Global
	GlobalSection(SolutionConfigurationPlatforms) = preSolution
		Debug|Any CPU = Debug|Any CPU
		Release|Any CPU = Release|Any CPU
	EndGlobalSection
	GlobalSection(ProjectConfigurationPlatforms) = postSolution
		{1A5BCAE5-5748-4981-A97E-9638D4CD136F}.Debug|Any CPU.ActiveCfg = Debug|Any CPU
		{1A5BCAE5-5748-4981-A97E-9638D4CD136F}.Debug|Any CPU.Build.0 = Debug|Any CPU
		{1A5BCAE5-5748-4981-A97E-9638D4CD136F}.Release|Any CPU.ActiveCfg = Release|Any CPU
		{1A5BCAE5-5748-4981-A97E-9638D4CD136F}.Release|Any CPU.Build.0 = Release|Any CPU
	EndGlobalSection
	GlobalSection(SolutionProperties) = preSolution
		HideSolutionNode = FALSE
	EndGlobalSection
	GlobalSection(ExtensibilityGlobals) = postSolution
		SolutionGuid = {8F7B94DE-631A-4F68-A401-03EC39B74D03}
	EndGlobalSection
EndGlobal
