
Microsoft Visual Studio Solution File, Format Version 12.00
# Visual Studio Version 17
VisualStudioVersion = 17.11.35222.181
MinimumVisualStudioVersion = 10.0.40219.1
Project("{FAE04EC0-301F-11D3-BF4B-00C04F79EFBC}") = "Øvelse3", "Øvelse3\Øvelse3.csproj", "{7B123095-8138-4619-ADE4-A38178425D17}"
EndProject
Global
	GlobalSection(SolutionConfigurationPlatforms) = preSolution
		Debug|Any CPU = Debug|Any CPU
		Release|Any CPU = Release|Any CPU
	EndGlobalSection
	GlobalSection(ProjectConfigurationPlatforms) = postSolution
		{7B123095-8138-4619-ADE4-A38178425D17}.Debug|Any CPU.ActiveCfg = Debug|Any CPU
		{7B123095-8138-4619-ADE4-A38178425D17}.Debug|Any CPU.Build.0 = Debug|Any CPU
		{7B123095-8138-4619-ADE4-A38178425D17}.Release|Any CPU.ActiveCfg = Release|Any CPU
		{7B123095-8138-4619-ADE4-A38178425D17}.Release|Any CPU.Build.0 = Release|Any CPU
	EndGlobalSection
	GlobalSection(SolutionProperties) = preSolution
		HideSolutionNode = FALSE
	EndGlobalSection
	GlobalSection(ExtensibilityGlobals) = postSolution
		SolutionGuid = {87111771-8388-458F-8C07-139D640C5309}
	EndGlobalSection
EndGlobal
