
Microsoft Visual Studio Solution File, Format Version 12.00
# Visual Studio Version 17
VisualStudioVersion = 17.11.35222.181
MinimumVisualStudioVersion = 10.0.40219.1
Project("{FAE04EC0-301F-11D3-BF4B-00C04F79EFBC}") = "Øvelse2.6", "Øvelse2.6\Øvelse2.6.csproj", "{847C6F6A-E56F-43AA-8CEF-C291C9CEF205}"
EndProject
Global
	GlobalSection(SolutionConfigurationPlatforms) = preSolution
		Debug|Any CPU = Debug|Any CPU
		Release|Any CPU = Release|Any CPU
	EndGlobalSection
	GlobalSection(ProjectConfigurationPlatforms) = postSolution
		{847C6F6A-E56F-43AA-8CEF-C291C9CEF205}.Debug|Any CPU.ActiveCfg = Debug|Any CPU
		{847C6F6A-E56F-43AA-8CEF-C291C9CEF205}.Debug|Any CPU.Build.0 = Debug|Any CPU
		{847C6F6A-E56F-43AA-8CEF-C291C9CEF205}.Release|Any CPU.ActiveCfg = Release|Any CPU
		{847C6F6A-E56F-43AA-8CEF-C291C9CEF205}.Release|Any CPU.Build.0 = Release|Any CPU
	EndGlobalSection
	GlobalSection(SolutionProperties) = preSolution
		HideSolutionNode = FALSE
	EndGlobalSection
	GlobalSection(ExtensibilityGlobals) = postSolution
		SolutionGuid = {C3EA8773-D553-4D86-BA2B-B1F3A1F6DAD9}
	EndGlobalSection
EndGlobal
