
Microsoft Visual Studio Solution File, Format Version 12.00
# Visual Studio Version 17
VisualStudioVersion = 17.11.35222.181
MinimumVisualStudioVersion = 10.0.40219.1
Project("{FAE04EC0-301F-11D3-BF4B-00C04F79EFBC}") = "Øvelse2", "Øvelse2\Øvelse2.csproj", "{1B1391BE-11CE-4BE4-8C88-CBAB0C39B0E9}"
EndProject
Project("{FAE04EC0-301F-11D3-BF4B-00C04F79EFBC}") = "TestProject1", "TestProject1\TestProject1.csproj", "{943706CD-1F38-4478-AB65-4E32C96DD4B6}"
EndProject
Global
	GlobalSection(SolutionConfigurationPlatforms) = preSolution
		Debug|Any CPU = Debug|Any CPU
		Release|Any CPU = Release|Any CPU
	EndGlobalSection
	GlobalSection(ProjectConfigurationPlatforms) = postSolution
		{1B1391BE-11CE-4BE4-8C88-CBAB0C39B0E9}.Debug|Any CPU.ActiveCfg = Debug|Any CPU
		{1B1391BE-11CE-4BE4-8C88-CBAB0C39B0E9}.Debug|Any CPU.Build.0 = Debug|Any CPU
		{1B1391BE-11CE-4BE4-8C88-CBAB0C39B0E9}.Release|Any CPU.ActiveCfg = Release|Any CPU
		{1B1391BE-11CE-4BE4-8C88-CBAB0C39B0E9}.Release|Any CPU.Build.0 = Release|Any CPU
		{943706CD-1F38-4478-AB65-4E32C96DD4B6}.Debug|Any CPU.ActiveCfg = Debug|Any CPU
		{943706CD-1F38-4478-AB65-4E32C96DD4B6}.Debug|Any CPU.Build.0 = Debug|Any CPU
		{943706CD-1F38-4478-AB65-4E32C96DD4B6}.Release|Any CPU.ActiveCfg = Release|Any CPU
		{943706CD-1F38-4478-AB65-4E32C96DD4B6}.Release|Any CPU.Build.0 = Release|Any CPU
	EndGlobalSection
	GlobalSection(SolutionProperties) = preSolution
		HideSolutionNode = FALSE
	EndGlobalSection
	GlobalSection(ExtensibilityGlobals) = postSolution
		SolutionGuid = {01B643E9-5800-4C24-B1A6-AFBDD4B98D87}
	EndGlobalSection
EndGlobal
