
Microsoft Visual Studio Solution File, Format Version 12.00
# Visual Studio Version 17
VisualStudioVersion = 17.11.35222.181
MinimumVisualStudioVersion = 10.0.40219.1
Project("{FAE04EC0-301F-11D3-BF4B-00C04F79EFBC}") = "Øvelse2", "Øvelse2\Øvelse2.csproj", "{4E7E2C56-A008-48DF-A89C-030431BB0AFA}"
EndProject
Global
	GlobalSection(SolutionConfigurationPlatforms) = preSolution
		Debug|Any CPU = Debug|Any CPU
		Release|Any CPU = Release|Any CPU
	EndGlobalSection
	GlobalSection(ProjectConfigurationPlatforms) = postSolution
		{4E7E2C56-A008-48DF-A89C-030431BB0AFA}.Debug|Any CPU.ActiveCfg = Debug|Any CPU
		{4E7E2C56-A008-48DF-A89C-030431BB0AFA}.Debug|Any CPU.Build.0 = Debug|Any CPU
		{4E7E2C56-A008-48DF-A89C-030431BB0AFA}.Release|Any CPU.ActiveCfg = Release|Any CPU
		{4E7E2C56-A008-48DF-A89C-030431BB0AFA}.Release|Any CPU.Build.0 = Release|Any CPU
	EndGlobalSection
	GlobalSection(SolutionProperties) = preSolution
		HideSolutionNode = FALSE
	EndGlobalSection
	GlobalSection(ExtensibilityGlobals) = postSolution
		SolutionGuid = {F8CFF9A9-F23A-411D-B695-7DB3AF4D8559}
	EndGlobalSection
EndGlobal
