
Microsoft Visual Studio Solution File, Format Version 12.00
# Visual Studio Version 17
VisualStudioVersion = 17.11.35222.181
MinimumVisualStudioVersion = 10.0.40219.1
Project("{FAE04EC0-301F-11D3-BF4B-00C04F79EFBC}") = "Øvelse3", "Øvelse3\Øvelse3.csproj", "{87FE3494-0ACA-4E66-8985-7FB640FB86EE}"
EndProject
Global
	GlobalSection(SolutionConfigurationPlatforms) = preSolution
		Debug|Any CPU = Debug|Any CPU
		Release|Any CPU = Release|Any CPU
	EndGlobalSection
	GlobalSection(ProjectConfigurationPlatforms) = postSolution
		{87FE3494-0ACA-4E66-8985-7FB640FB86EE}.Debug|Any CPU.ActiveCfg = Debug|Any CPU
		{87FE3494-0ACA-4E66-8985-7FB640FB86EE}.Debug|Any CPU.Build.0 = Debug|Any CPU
		{87FE3494-0ACA-4E66-8985-7FB640FB86EE}.Release|Any CPU.ActiveCfg = Release|Any CPU
		{87FE3494-0ACA-4E66-8985-7FB640FB86EE}.Release|Any CPU.Build.0 = Release|Any CPU
	EndGlobalSection
	GlobalSection(SolutionProperties) = preSolution
		HideSolutionNode = FALSE
	EndGlobalSection
	GlobalSection(ExtensibilityGlobals) = postSolution
		SolutionGuid = {66924513-B897-48D8-87FD-E06DE146E64D}
	EndGlobalSection
EndGlobal
