
Microsoft Visual Studio Solution File, Format Version 12.00
# Visual Studio Version 17
VisualStudioVersion = 17.11.35222.181
MinimumVisualStudioVersion = 10.0.40219.1
Project("{FAE04EC0-301F-11D3-BF4B-00C04F79EFBC}") = "Øvelse6.1", "Øvelse6.1\Øvelse6.1.csproj", "{18B2860A-F519-4EA7-8929-BB023E16ECDF}"
EndProject
Global
	GlobalSection(SolutionConfigurationPlatforms) = preSolution
		Debug|Any CPU = Debug|Any CPU
		Release|Any CPU = Release|Any CPU
	EndGlobalSection
	GlobalSection(ProjectConfigurationPlatforms) = postSolution
		{18B2860A-F519-4EA7-8929-BB023E16ECDF}.Debug|Any CPU.ActiveCfg = Debug|Any CPU
		{18B2860A-F519-4EA7-8929-BB023E16ECDF}.Debug|Any CPU.Build.0 = Debug|Any CPU
		{18B2860A-F519-4EA7-8929-BB023E16ECDF}.Release|Any CPU.ActiveCfg = Release|Any CPU
		{18B2860A-F519-4EA7-8929-BB023E16ECDF}.Release|Any CPU.Build.0 = Release|Any CPU
	EndGlobalSection
	GlobalSection(SolutionProperties) = preSolution
		HideSolutionNode = FALSE
	EndGlobalSection
	GlobalSection(ExtensibilityGlobals) = postSolution
		SolutionGuid = {C171244F-46A3-4A29-AF1C-C605ADEB0701}
	EndGlobalSection
EndGlobal
