
Microsoft Visual Studio Solution File, Format Version 12.00
# Visual Studio Version 17
VisualStudioVersion = 17.11.35222.181
MinimumVisualStudioVersion = 10.0.40219.1
Project("{FAE04EC0-301F-11D3-BF4B-00C04F79EFBC}") = "Pr14_BankAccountAndSorting", "Pr14_BankAccountAndSorting\Pr14_BankAccountAndSorting.csproj", "{10DB49AA-F04C-410F-99C4-B9877938676A}"
EndProject
Project("{FAE04EC0-301F-11D3-BF4B-00C04F79EFBC}") = "SimpleBankTest", "SimpleBankTest\SimpleBankTest.csproj", "{5647DE47-5F26-40C4-8F5B-680AFF91C4E9}"
EndProject
Global
	GlobalSection(SolutionConfigurationPlatforms) = preSolution
		Debug|Any CPU = Debug|Any CPU
		Release|Any CPU = Release|Any CPU
	EndGlobalSection
	GlobalSection(ProjectConfigurationPlatforms) = postSolution
		{10DB49AA-F04C-410F-99C4-B9877938676A}.Debug|Any CPU.ActiveCfg = Debug|Any CPU
		{10DB49AA-F04C-410F-99C4-B9877938676A}.Debug|Any CPU.Build.0 = Debug|Any CPU
		{10DB49AA-F04C-410F-99C4-B9877938676A}.Release|Any CPU.ActiveCfg = Release|Any CPU
		{10DB49AA-F04C-410F-99C4-B9877938676A}.Release|Any CPU.Build.0 = Release|Any CPU
		{5647DE47-5F26-40C4-8F5B-680AFF91C4E9}.Debug|Any CPU.ActiveCfg = Debug|Any CPU
		{5647DE47-5F26-40C4-8F5B-680AFF91C4E9}.Debug|Any CPU.Build.0 = Debug|Any CPU
		{5647DE47-5F26-40C4-8F5B-680AFF91C4E9}.Release|Any CPU.ActiveCfg = Release|Any CPU
		{5647DE47-5F26-40C4-8F5B-680AFF91C4E9}.Release|Any CPU.Build.0 = Release|Any CPU
	EndGlobalSection
	GlobalSection(SolutionProperties) = preSolution
		HideSolutionNode = FALSE
	EndGlobalSection
	GlobalSection(ExtensibilityGlobals) = postSolution
		SolutionGuid = {89F1ECE1-E426-4A90-9048-3CFAC9AA897A}
	EndGlobalSection
EndGlobal
